
Microsoft Visual Studio Solution File, Format Version 12.00
# Visual Studio Version 16
VisualStudioVersion = 16.0.32106.194
MinimumVisualStudioVersion = 10.0.40219.1
Project("{FAE04EC0-301F-11D3-BF4B-00C04F79EFBC}") = "ConsoleApp2", "ConsoleApp2.csproj", "{0EEEAF57-33BE-4315-A791-13646E8D710F}"
EndProject
Global
	GlobalSection(SolutionConfigurationPlatforms) = preSolution
		Debug|Any CPU = Debug|Any CPU
		Release|Any CPU = Release|Any CPU
	EndGlobalSection
	GlobalSection(ProjectConfigurationPlatforms) = postSolution
		{0EEEAF57-33BE-4315-A791-13646E8D710F}.Debug|Any CPU.ActiveCfg = Debug|Any CPU
		{0EEEAF57-33BE-4315-A791-13646E8D710F}.Debug|Any CPU.Build.0 = Debug|Any CPU
		{0EEEAF57-33BE-4315-A791-13646E8D710F}.Release|Any CPU.ActiveCfg = Release|Any CPU
		{0EEEAF57-33BE-4315-A791-13646E8D710F}.Release|Any CPU.Build.0 = Release|Any CPU
	EndGlobalSection
	GlobalSection(SolutionProperties) = preSolution
		HideSolutionNode = FALSE
	EndGlobalSection
	GlobalSection(ExtensibilityGlobals) = postSolution
		SolutionGuid = {8CF5687F-F4AE-4485-B2C5-8B1F1E13F628}
	EndGlobalSection
EndGlobal
