
Microsoft Visual Studio Solution File, Format Version 12.00
# Visual Studio Version 16
VisualStudioVersion = 16.0.32106.194
MinimumVisualStudioVersion = 10.0.40219.1
Project("{FAE04EC0-301F-11D3-BF4B-00C04F79EFBC}") = "sendmessagetoqueue01", "sendmessagetoqueue01\sendmessagetoqueue01.csproj", "{75D1FF85-3317-47B8-A708-16786649D678}"
EndProject
Global
	GlobalSection(SolutionConfigurationPlatforms) = preSolution
		Debug|Any CPU = Debug|Any CPU
		Release|Any CPU = Release|Any CPU
	EndGlobalSection
	GlobalSection(ProjectConfigurationPlatforms) = postSolution
		{75D1FF85-3317-47B8-A708-16786649D678}.Debug|Any CPU.ActiveCfg = Debug|Any CPU
		{75D1FF85-3317-47B8-A708-16786649D678}.Debug|Any CPU.Build.0 = Debug|Any CPU
		{75D1FF85-3317-47B8-A708-16786649D678}.Release|Any CPU.ActiveCfg = Release|Any CPU
		{75D1FF85-3317-47B8-A708-16786649D678}.Release|Any CPU.Build.0 = Release|Any CPU
	EndGlobalSection
	GlobalSection(SolutionProperties) = preSolution
		HideSolutionNode = FALSE
	EndGlobalSection
	GlobalSection(ExtensibilityGlobals) = postSolution
		SolutionGuid = {7002C27B-733B-47C4-8F0C-1127A798D743}
	EndGlobalSection
EndGlobal
