
Microsoft Visual Studio Solution File, Format Version 12.00
# Visual Studio Version 16
VisualStudioVersion = 16.0.32106.194
MinimumVisualStudioVersion = 10.0.40219.1
Project("{FAE04EC0-301F-11D3-BF4B-00C04F79EFBC}") = "ConsoleApp10", "ConsoleApp10\ConsoleApp10.csproj", "{2F3B35BD-9F63-466F-AF8C-5BFE0FAB10F2}"
EndProject
Global
	GlobalSection(SolutionConfigurationPlatforms) = preSolution
		Debug|Any CPU = Debug|Any CPU
		Release|Any CPU = Release|Any CPU
	EndGlobalSection
	GlobalSection(ProjectConfigurationPlatforms) = postSolution
		{2F3B35BD-9F63-466F-AF8C-5BFE0FAB10F2}.Debug|Any CPU.ActiveCfg = Debug|Any CPU
		{2F3B35BD-9F63-466F-AF8C-5BFE0FAB10F2}.Debug|Any CPU.Build.0 = Debug|Any CPU
		{2F3B35BD-9F63-466F-AF8C-5BFE0FAB10F2}.Release|Any CPU.ActiveCfg = Release|Any CPU
		{2F3B35BD-9F63-466F-AF8C-5BFE0FAB10F2}.Release|Any CPU.Build.0 = Release|Any CPU
	EndGlobalSection
	GlobalSection(SolutionProperties) = preSolution
		HideSolutionNode = FALSE
	EndGlobalSection
	GlobalSection(ExtensibilityGlobals) = postSolution
		SolutionGuid = {ED74A0D1-9059-4484-9C23-F7CFE5FB915F}
	EndGlobalSection
EndGlobal
