
Microsoft Visual Studio Solution File, Format Version 12.00
# Visual Studio Version 16
VisualStudioVersion = 16.0.32106.194
MinimumVisualStudioVersion = 10.0.40219.1
Project("{FAE04EC0-301F-11D3-BF4B-00C04F79EFBC}") = "EcommerceCaseStudy2", "EcommerceCaseStudy2\EcommerceCaseStudy2.csproj", "{8987B083-205C-4482-8130-3FD100D724FF}"
EndProject
Global
	GlobalSection(SolutionConfigurationPlatforms) = preSolution
		Debug|Any CPU = Debug|Any CPU
		Release|Any CPU = Release|Any CPU
	EndGlobalSection
	GlobalSection(ProjectConfigurationPlatforms) = postSolution
		{8987B083-205C-4482-8130-3FD100D724FF}.Debug|Any CPU.ActiveCfg = Debug|Any CPU
		{8987B083-205C-4482-8130-3FD100D724FF}.Debug|Any CPU.Build.0 = Debug|Any CPU
		{8987B083-205C-4482-8130-3FD100D724FF}.Release|Any CPU.ActiveCfg = Release|Any CPU
		{8987B083-205C-4482-8130-3FD100D724FF}.Release|Any CPU.Build.0 = Release|Any CPU
	EndGlobalSection
	GlobalSection(SolutionProperties) = preSolution
		HideSolutionNode = FALSE
	EndGlobalSection
	GlobalSection(ExtensibilityGlobals) = postSolution
		SolutionGuid = {1A3A50E6-D03E-4C48-B5EB-BF50B6150D2C}
	EndGlobalSection
EndGlobal
